// !$*UTF8*$!
{
	archiveVersion = 1;
	classes = {
	};
	objectVersion = 46;
	objects = {

/* Begin PBXBuildFile section */
		8414AE9A13D6F92600DDA477 /* UIKit.framework in Frameworks */ = {isa = PBXBuildFile; fileRef = 8414AE9913D6F92600DDA477 /* UIKit.framework */; };
		8414AE9C13D6F92600DDA477 /* Foundation.framework in Frameworks */ = {isa = PBXBuildFile; fileRef = 8414AE9B13D6F92600DDA477 /* Foundation.framework */; };
		8414AE9E13D6F92600DDA477 /* CoreGraphics.framework in Frameworks */ = {isa = PBXBuildFile; fileRef = 8414AE9D13D6F92600DDA477 /* CoreGraphics.framework */; };
		8414AEA413D6F92600DDA477 /* InfoPlist.strings in Resources */ = {isa = PBXBuildFile; fileRef = 8414AEA213D6F92600DDA477 /* InfoPlist.strings */; };
		8414AEA713D6F92600DDA477 /* main.m in Sources */ = {isa = PBXBuildFile; fileRef = 8414AEA613D6F92600DDA477 /* main.m */; };
		8414AEAA13D6F92600DDA477 /* ButtonAppDelegate.m in Sources */ = {isa = PBXBuildFile; fileRef = 8414AEA913D6F92600DDA477 /* ButtonAppDelegate.m */; };
		8414AEAD13D6F92600DDA477 /* MainWindow.xib in Resources */ = {isa = PBXBuildFile; fileRef = 8414AEAB13D6F92600DDA477 /* MainWindow.xib */; };
		8414AEB413D6F92600DDA477 /* UIKit.framework in Frameworks */ = {isa = PBXBuildFile; fileRef = 8414AE9913D6F92600DDA477 /* UIKit.framework */; };
		8414AEB513D6F92600DDA477 /* Foundation.framework in Frameworks */ = {isa = PBXBuildFile; fileRef = 8414AE9B13D6F92600DDA477 /* Foundation.framework */; };
		8414AEB613D6F92600DDA477 /* CoreGraphics.framework in Frameworks */ = {isa = PBXBuildFile; fileRef = 8414AE9D13D6F92600DDA477 /* CoreGraphics.framework */; };
		8414AEBE13D6F92600DDA477 /* InfoPlist.strings in Resources */ = {isa = PBXBuildFile; fileRef = 8414AEBC13D6F92600DDA477 /* InfoPlist.strings */; };
		8414AEC113D6F92600DDA477 /* ButtonTests.h in Resources */ = {isa = PBXBuildFile; fileRef = 8414AEC013D6F92600DDA477 /* ButtonTests.h */; };
		8414AEC313D6F92600DDA477 /* ButtonTests.m in Sources */ = {isa = PBXBuildFile; fileRef = 8414AEC213D6F92600DDA477 /* ButtonTests.m */; };
/* End PBXBuildFile section */

/* Begin PBXContainerItemProxy section */
		8414AEB713D6F92600DDA477 /* PBXContainerItemProxy */ = {
			isa = PBXContainerItemProxy;
			containerPortal = 8414AE8C13D6F92600DDA477 /* Project object */;
			proxyType = 1;
			remoteGlobalIDString = 8414AE9413D6F92600DDA477;
			remoteInfo = Button;
		};
/* End PBXContainerItemProxy section */

/* Begin PBXFileReference section */
		8414AE9513D6F92600DDA477 /* Button.app */ = {isa = PBXFileReference; explicitFileType = wrapper.application; includeInIndex = 0; path = Button.app; sourceTree = BUILT_PRODUCTS_DIR; };
		8414AE9913D6F92600DDA477 /* UIKit.framework */ = {isa = PBXFileReference; lastKnownFileType = wrapper.framework; name = UIKit.framework; path = System/Library/Frameworks/UIKit.framework; sourceTree = SDKROOT; };
		8414AE9B13D6F92600DDA477 /* Foundation.framework */ = {isa = PBXFileReference; lastKnownFileType = wrapper.framework; name = Foundation.framework; path = System/Library/Frameworks/Foundation.framework; sourceTree = SDKROOT; };
		8414AE9D13D6F92600DDA477 /* CoreGraphics.framework */ = {isa = PBXFileReference; lastKnownFileType = wrapper.framework; name = CoreGraphics.framework; path = System/Library/Frameworks/CoreGraphics.framework; sourceTree = SDKROOT; };
		8414AEA113D6F92600DDA477 /* Button-Info.plist */ = {isa = PBXFileReference; path = "Button-Info.plist"; sourceTree = "<group>"; };
		8414AEA313D6F92600DDA477 /* en */ = {isa = PBXFileReference; lastKnownFileType = text.plist.strings; name = en; path = en.lproj/InfoPlist.strings; sourceTree = "<group>"; };
		8414AEA513D6F92600DDA477 /* Button-Prefix.pch */ = {isa = PBXFileReference; path = "Button-Prefix.pch"; sourceTree = "<group>"; };
		8414AEA613D6F92600DDA477 /* main.m */ = {isa = PBXFileReference; lastKnownFileType = sourcecode.c.objc; path = main.m; sourceTree = "<group>"; };
		8414AEA813D6F92600DDA477 /* ButtonAppDelegate.h */ = {isa = PBXFileReference; path = ButtonAppDelegate.h; sourceTree = "<group>"; };
		8414AEA913D6F92600DDA477 /* ButtonAppDelegate.m */ = {isa = PBXFileReference; lastKnownFileType = sourcecode.c.objc; path = ButtonAppDelegate.m; sourceTree = "<group>"; };
		8414AEAC13D6F92600DDA477 /* en */ = {isa = PBXFileReference; lastKnownFileType = file.xib; name = en; path = en.lproj/MainWindow.xib; sourceTree = "<group>"; };
		8414AEB313D6F92600DDA477 /* ButtonTests.octest */ = {isa = PBXFileReference; explicitFileType = wrapper.cfbundle; includeInIndex = 0; path = ButtonTests.octest; sourceTree = BUILT_PRODUCTS_DIR; };
		8414AEBB13D6F92600DDA477 /* ButtonTests-Info.plist */ = {isa = PBXFileReference; path = "ButtonTests-Info.plist"; sourceTree = "<group>"; };
		8414AEBD13D6F92600DDA477 /* en */ = {isa = PBXFileReference; lastKnownFileType = text.plist.strings; name = en; path = en.lproj/InfoPlist.strings; sourceTree = "<group>"; };
		8414AEBF13D6F92600DDA477 /* ButtonTests-Prefix.pch */ = {isa = PBXFileReference; path = "ButtonTests-Prefix.pch"; sourceTree = "<group>"; };
		8414AEC013D6F92600DDA477 /* ButtonTests.h */ = {isa = PBXFileReference; lastKnownFileType = sourcecode.c.h; path = ButtonTests.h; sourceTree = "<group>"; };
		8414AEC213D6F92600DDA477 /* ButtonTests.m */ = {isa = PBXFileReference; lastKnownFileType = sourcecode.c.objc; path = ButtonTests.m; sourceTree = "<group>"; };
/* End PBXFileReference section */

/* Begin PBXFrameworksBuildPhase section */
		8414AE9213D6F92600DDA477 /* Frameworks */ = {
			isa = PBXFrameworksBuildPhase;
			buildActionMask = 2147483647;
			files = (
				8414AE9A13D6F92600DDA477 /* UIKit.framework in Frameworks */,
				8414AE9C13D6F92600DDA477 /* Foundation.framework in Frameworks */,
				8414AE9E13D6F92600DDA477 /* CoreGraphics.framework in Frameworks */,
			);
			runOnlyForDeploymentPostprocessing = 0;
		};
		8414AEAF13D6F92600DDA477 /* Frameworks */ = {
			isa = PBXFrameworksBuildPhase;
			buildActionMask = 2147483647;
			files = (
				8414AEB413D6F92600DDA477 /* UIKit.framework in Frameworks */,
				8414AEB513D6F92600DDA477 /* Foundation.framework in Frameworks */,
				8414AEB613D6F92600DDA477 /* CoreGraphics.framework in Frameworks */,
			);
			runOnlyForDeploymentPostprocessing = 0;
		};
/* End PBXFrameworksBuildPhase section */

/* Begin PBXGroup section */
		8414AE8A13D6F92600DDA477 = {
			isa = PBXGroup;
			children = (
				8414AE9F13D6F92600DDA477 /* Button */,
				8414AEB913D6F92600DDA477 /* ButtonTests */,
				8414AE9813D6F92600DDA477 /* Frameworks */,
				8414AE9613D6F92600DDA477 /* Products */,
			);
			sourceTree = "<group>";
		};
		8414AE9613D6F92600DDA477 /* Products */ = {
			isa = PBXGroup;
			children = (
				8414AE9513D6F92600DDA477 /* Button.app */,
				8414AEB313D6F92600DDA477 /* ButtonTests.octest */,
			);
			name = Products;
			sourceTree = "<group>";
		};
		8414AE9813D6F92600DDA477 /* Frameworks */ = {
			isa = PBXGroup;
			children = (
				8414AE9913D6F92600DDA477 /* UIKit.framework */,
				8414AE9B13D6F92600DDA477 /* Foundation.framework */,
				8414AE9D13D6F92600DDA477 /* CoreGraphics.framework */,
			);
			name = Frameworks;
			sourceTree = "<group>";
		};
		8414AE9F13D6F92600DDA477 /* Button */ = {
			isa = PBXGroup;
			children = (
				8414AEA813D6F92600DDA477 /* ButtonAppDelegate.h */,
				8414AEA913D6F92600DDA477 /* ButtonAppDelegate.m */,
				8414AEAB13D6F92600DDA477 /* MainWindow.xib */,
				8414AEA013D6F92600DDA477 /* Supporting Files */,
			);
			path = Button;
			sourceTree = "<group>";
		};
		8414AEA013D6F92600DDA477 /* Supporting Files */ = {
			isa = PBXGroup;
			children = (
				8414AEA113D6F92600DDA477 /* Button-Info.plist */,
				8414AEA213D6F92600DDA477 /* InfoPlist.strings */,
				8414AEA513D6F92600DDA477 /* Button-Prefix.pch */,
				8414AEA613D6F92600DDA477 /* main.m */,
			);
			name = "Supporting Files";
			sourceTree = "<group>";
		};
		8414AEB913D6F92600DDA477 /* ButtonTests */ = {
			isa = PBXGroup;
			children = (
				8414AEC013D6F92600DDA477 /* ButtonTests.h */,
				8414AEC213D6F92600DDA477 /* ButtonTests.m */,
				8414AEBA13D6F92600DDA477 /* Supporting Files */,
			);
			path = ButtonTests;
			sourceTree = "<group>";
		};
		8414AEBA13D6F92600DDA477 /* Supporting Files */ = {
			isa = PBXGroup;
			children = (
				8414AEBB13D6F92600DDA477 /* ButtonTests-Info.plist */,
				8414AEBC13D6F92600DDA477 /* InfoPlist.strings */,
				8414AEBF13D6F92600DDA477 /* ButtonTests-Prefix.pch */,
			);
			name = "Supporting Files";
			sourceTree = "<group>";
		};
/* End PBXGroup section */

/* Begin PBXNativeTarget section */
		8414AE9413D6F92600DDA477 /* Button */ = {
			isa = PBXNativeTarget;
			buildConfigurationList = 8414AEC613D6F92600DDA477 /* Build configuration list for PBXNativeTarget "Button" */;
			buildPhases = (
				8414AE9113D6F92600DDA477 /* Sources */,
				8414AE9213D6F92600DDA477 /* Frameworks */,
				8414AE9313D6F92600DDA477 /* Resources */,
			);
			buildRules = (
			);
			dependencies = (
			);
			name = Button;
			productName = Button;
			productReference = 8414AE9513D6F92600DDA477 /* Button.app */;
			productType = "com.apple.product-type.application";
		};
		8414AEB213D6F92600DDA477 /* ButtonTests */ = {
			isa = PBXNativeTarget;
			buildConfigurationList = 8414AEC913D6F92600DDA477 /* Build configuration list for PBXNativeTarget "ButtonTests" */;
			buildPhases = (
				8414AEAE13D6F92600DDA477 /* Sources */,
				8414AEAF13D6F92600DDA477 /* Frameworks */,
				8414AEB013D6F92600DDA477 /* Resources */,
				8414AEB113D6F92600DDA477 /* ShellScript */,
			);
			buildRules = (
			);
			dependencies = (
				8414AEB813D6F92600DDA477 /* PBXTargetDependency */,
			);
			name = ButtonTests;
			productName = ButtonTests;
			productReference = 8414AEB313D6F92600DDA477 /* ButtonTests.octest */;
			productType = "com.apple.product-type.bundle";
		};
/* End PBXNativeTarget section */

/* Begin PBXProject section */
		8414AE8C13D6F92600DDA477 /* Project object */ = {
			isa = PBXProject;
			buildConfigurationList = 8414AE8F13D6F92600DDA477 /* Build configuration list for PBXProject "Button" */;
			compatibilityVersion = "Xcode 3.2";
			developmentRegion = English;
			hasScannedForEncodings = 0;
			knownRegions = (
				en,
			);
			mainGroup = 8414AE8A13D6F92600DDA477;
			productRefGroup = 8414AE9613D6F92600DDA477 /* Products */;
			projectDirPath = "";
			projectRoot = "";
			targets = (
				8414AE9413D6F92600DDA477 /* Button */,
				8414AEB213D6F92600DDA477 /* ButtonTests */,
			);
		};
/* End PBXProject section */

/* Begin PBXResourcesBuildPhase section */
		8414AE9313D6F92600DDA477 /* Resources */ = {
			isa = PBXResourcesBuildPhase;
			buildActionMask = 2147483647;
			files = (
				8414AEA413D6F92600DDA477 /* InfoPlist.strings in Resources */,
				8414AEAD13D6F92600DDA477 /* MainWindow.xib in Resources */,
			);
			runOnlyForDeploymentPostprocessing = 0;
		};
		8414AEB013D6F92600DDA477 /* Resources */ = {
			isa = PBXResourcesBuildPhase;
			buildActionMask = 2147483647;
			files = (
				8414AEBE13D6F92600DDA477 /* InfoPlist.strings in Resources */,
				8414AEC113D6F92600DDA477 /* ButtonTests.h in Resources */,
			);
			runOnlyForDeploymentPostprocessing = 0;
		};
/* End PBXResourcesBuildPhase section */

/* Begin PBXShellScriptBuildPhase section */
		8414AEB113D6F92600DDA477 /* ShellScript */ = {
			isa = PBXShellScriptBuildPhase;
			buildActionMask = 2147483647;
			files = (
			);
			inputPaths = (
			);
			outputPaths = (
			);
			runOnlyForDeploymentPostprocessing = 0;
			shellPath = /bin/sh;
			shellScript = "# Run the unit tests in this test bundle.\n\"${SYSTEM_DEVELOPER_DIR}/Tools/RunUnitTests\"\n";
		};
/* End PBXShellScriptBuildPhase section */

/* Begin PBXSourcesBuildPhase section */
		8414AE9113D6F92600DDA477 /* Sources */ = {
			isa = PBXSourcesBuildPhase;
			buildActionMask = 2147483647;
			files = (
				8414AEA713D6F92600DDA477 /* main.m in Sources */,
				8414AEAA13D6F92600DDA477 /* ButtonAppDelegate.m in Sources */,
			);
			runOnlyForDeploymentPostprocessing = 0;
		};
		8414AEAE13D6F92600DDA477 /* Sources */ = {
			isa = PBXSourcesBuildPhase;
			buildActionMask = 2147483647;
			files = (
				8414AEC313D6F92600DDA477 /* ButtonTests.m in Sources */,
			);
			runOnlyForDeploymentPostprocessing = 0;
		};
/* End PBXSourcesBuildPhase section */

/* Begin PBXTargetDependency section */
		8414AEB813D6F92600DDA477 /* PBXTargetDependency */ = {
			isa = PBXTargetDependency;
			target = 8414AE9413D6F92600DDA477 /* Button */;
			targetProxy = 8414AEB713D6F92600DDA477 /* PBXContainerItemProxy */;
		};
/* End PBXTargetDependency section */

/* Begin PBXVariantGroup section */
		8414AEA213D6F92600DDA477 /* InfoPlist.strings */ = {
			isa = PBXVariantGroup;
			children = (
				8414AEA313D6F92600DDA477 /* en */,
			);
			name = InfoPlist.strings;
			sourceTree = "<group>";
		};
		8414AEAB13D6F92600DDA477 /* MainWindow.xib */ = {
			isa = PBXVariantGroup;
			children = (
				8414AEAC13D6F92600DDA477 /* en */,
			);
			name = MainWindow.xib;
			sourceTree = "<group>";
		};
		8414AEBC13D6F92600DDA477 /* InfoPlist.strings */ = {
			isa = PBXVariantGroup;
			children = (
				8414AEBD13D6F92600DDA477 /* en */,
			);
			name = InfoPlist.strings;
			sourceTree = "<group>";
		};
/* End PBXVariantGroup section */

/* Begin XCBuildConfiguration section */
		8414AEC413D6F92600DDA477 /* Debug */ = {
			isa = XCBuildConfiguration;
			buildSettings = {
				ARCHS = "$(ARCHS_STANDARD_32_BIT)";
				"CODE_SIGN_IDENTITY[sdk=iphoneos*]" = "iPhone Developer";
				GCC_C_LANGUAGE_STANDARD = gnu99;
				GCC_OPTIMIZATION_LEVEL = 0;
				GCC_PREPROCESSOR_DEFINITIONS = DEBUG;
				GCC_SYMBOLS_PRIVATE_EXTERN = NO;
				GCC_VERSION = com.apple.compilers.llvmgcc42;
				GCC_WARN_ABOUT_RETURN_TYPE = YES;
				GCC_WARN_UNUSED_VARIABLE = YES;
				IPHONEOS_DEPLOYMENT_TARGET = 4.3;
				SDKROOT = iphoneos;
			};
			name = Debug;
		};
		8414AEC513D6F92600DDA477 /* Release */ = {
			isa = XCBuildConfiguration;
			buildSettings = {
				ARCHS = "$(ARCHS_STANDARD_32_BIT)";
				"CODE_SIGN_IDENTITY[sdk=iphoneos*]" = "iPhone Developer";
				GCC_C_LANGUAGE_STANDARD = gnu99;
				GCC_VERSION = com.apple.compilers.llvmgcc42;
				GCC_WARN_ABOUT_RETURN_TYPE = YES;
				GCC_WARN_UNUSED_VARIABLE = YES;
				IPHONEOS_DEPLOYMENT_TARGET = 4.3;
				OTHER_CFLAGS = "-DNS_BLOCK_ASSERTIONS=1";
				SDKROOT = iphoneos;
			};
			name = Release;
		};
		8414AEC713D6F92600DDA477 /* Debug */ = {
			isa = XCBuildConfiguration;
			buildSettings = {
				ALWAYS_SEARCH_USER_PATHS = NO;
				COPY_PHASE_STRIP = NO;
				GCC_DYNAMIC_NO_PIC = NO;
				GCC_PRECOMPILE_PREFIX_HEADER = YES;
				GCC_PREFIX_HEADER = "Button/Button-Prefix.pch";
				INFOPLIST_FILE = "Button/Button-Info.plist";
				PRODUCT_NAME = "$(TARGET_NAME)";
				WRAPPER_EXTENSION = app;
			};
			name = Debug;
		};
		8414AEC813D6F92600DDA477 /* Release */ = {
			isa = XCBuildConfiguration;
			buildSettings = {
				ALWAYS_SEARCH_USER_PATHS = NO;
				COPY_PHASE_STRIP = YES;
				GCC_PRECOMPILE_PREFIX_HEADER = YES;
				GCC_PREFIX_HEADER = "Button/Button-Prefix.pch";
				INFOPLIST_FILE = "Button/Button-Info.plist";
				PRODUCT_NAME = "$(TARGET_NAME)";
				VALIDATE_PRODUCT = YES;
				WRAPPER_EXTENSION = app;
			};
			name = Release;
		};
		8414AECA13D6F92600DDA477 /* Debug */ = {
			isa = XCBuildConfiguration;
			buildSettings = {
				ALWAYS_SEARCH_USER_PATHS = NO;
				BUNDLE_LOADER = "$(BUILT_PRODUCTS_DIR)/Button.app/Button";
				FRAMEWORK_SEARCH_PATHS = (
					"$(SDKROOT)/Developer/Library/Frameworks",
					"$(DEVELOPER_LIBRARY_DIR)/Frameworks",
				);
				GCC_PRECOMPILE_PREFIX_HEADER = YES;
				GCC_PREFIX_HEADER = "ButtonTests/ButtonTests-Prefix.pch";
				INFOPLIST_FILE = "ButtonTests/ButtonTests-Info.plist";
				OTHER_LDFLAGS = (
					"-framework",
					SenTestingKit,
				);
				PRODUCT_NAME = "$(TARGET_NAME)";
				TEST_HOST = "$(BUNDLE_LOADER)";
				WRAPPER_EXTENSION = octest;
			};
			name = Debug;
		};
		8414AECB13D6F92600DDA477 /* Release */ = {
			isa = XCBuildConfiguration;
			buildSettings = {
				ALWAYS_SEARCH_USER_PATHS = NO;
				BUNDLE_LOADER = "$(BUILT_PRODUCTS_DIR)/Button.app/Button";
				FRAMEWORK_SEARCH_PATHS = (
					"$(SDKROOT)/Developer/Library/Frameworks",
					"$(DEVELOPER_LIBRARY_DIR)/Frameworks",
				);
				GCC_PRECOMPILE_PREFIX_HEADER = YES;
				GCC_PREFIX_HEADER = "ButtonTests/ButtonTests-Prefix.pch";
				INFOPLIST_FILE = "ButtonTests/ButtonTests-Info.plist";
				OTHER_LDFLAGS = (
					"-framework",
					SenTestingKit,
				);
				PRODUCT_NAME = "$(TARGET_NAME)";
				TEST_HOST = "$(BUNDLE_LOADER)";
				WRAPPER_EXTENSION = octest;
			};
			name = Release;
		};
/* End XCBuildConfiguration section */

/* Begin XCConfigurationList section */
		8414AE8F13D6F92600DDA477 /* Build configuration list for PBXProject "Button" */ = {
			isa = XCConfigurationList;
			buildConfigurations = (
				8414AEC413D6F92600DDA477 /* Debug */,
				8414AEC513D6F92600DDA477 /* Release */,
			);
			defaultConfigurationIsVisible = 0;
			defaultConfigurationName = Release;
		};
		8414AEC613D6F92600DDA477 /* Build configuration list for PBXNativeTarget "Button" */ = {
			isa = XCConfigurationList;
			buildConfigurations = (
				8414AEC713D6F92600DDA477 /* Debug */,
				8414AEC813D6F92600DDA477 /* Release */,
			);
			defaultConfigurationIsVisible = 0;
		};
		8414AEC913D6F92600DDA477 /* Build configuration list for PBXNativeTarget "ButtonTests" */ = {
			isa = XCConfigurationList;
			buildConfigurations = (
				8414AECA13D6F92600DDA477 /* Debug */,
				8414AECB13D6F92600DDA477 /* Release */,
			);
			defaultConfigurationIsVisible = 0;
		};
/* End XCConfigurationList section */
	};
	rootObject = 8414AE8C13D6F92600DDA477 /* Project object */;
}
